{
  "name": "pratice_one",
  "version": "1.0.0",
  "lockfileVersion": 3,
  "requires": true,
  "packages": {
    "": {
      "name": "pratice_one",
      "version": "1.0.0",
      "license": "ISC",
      "dependencies": {
        "gsap": "^3.12.5",
        "gsap-trial": "^3.12.5"
      }
    },
    "node_modules/gsap": {
      "version": "3.12.5",
      "resolved": "https://registry.npmjs.org/gsap/-/gsap-3.12.5.tgz",
      "integrity": "sha512-srBfnk4n+Oe/ZnMIOXt3gT605BX9x5+rh/prT2F1SsNJsU1XuMiP0E2aptW481OnonOGACZWBqseH5Z7csHxhQ=="
    },
    "node_modules/gsap-trial": {
      "version": "3.12.5",
      "resolved": "https://registry.npmjs.org/gsap-trial/-/gsap-trial-3.12.5.tgz",
      "integrity": "sha512-Mdq2sLBq6rt9qje/MoF/hRa/xKfvKOUdllPouU2Fhz1K6mpCk0SOGBDhxCrOrJXZ4O7YFFRFVADKIJVeHdKA8A=="
    }
  }
}
